
Microsoft Visual Studio Solution File, Format Version 12.00
# Visual Studio 14
VisualStudioVersion = 14.0.25420.1
MinimumVisualStudioVersion = 10.0.40219.1
Project("{2150E333-8FDC-42A3-9474-1A3956D46DE8}") = "Application", "Application", "{5F43DF37-EB2A-45CB-9F86-13977C03218C}"
EndProject
Project("{2150E333-8FDC-42A3-9474-1A3956D46DE8}") = "Integration", "Integration", "{E7A85EA8-1BEB-45CD-B197-11C2E9A4DAE2}"
EndProject
Project("{2150E333-8FDC-42A3-9474-1A3956D46DE8}") = "Infrastructure", "Infrastructure", "{B326C760-6707-46A8-9851-15EB55D92F38}"
EndProject
Project("{2150E333-8FDC-42A3-9474-1A3956D46DE8}") = "Domain", "Domain", "{31DC8C10-B240-4082-9F10-18A7E384CBDE}"
EndProject
Project("{FAE04EC0-301F-11D3-BF4B-00C04F79EFBC}") = "BZ.INZ.Domain.Model", "BZ.INZ.Domain.Model\BZ.INZ.Domain.Model.csproj", "{651757D6-ADCF-451A-9542-495DA11F0402}"
EndProject
Project("{FAE04EC0-301F-11D3-BF4B-00C04F79EFBC}") = "BZ.INZ.Application", "BZ.INZ.Application\BZ.INZ.Application.csproj", "{C7E408CF-A484-4947-82EF-DE2E523BD465}"
EndProject
Project("{FAE04EC0-301F-11D3-BF4B-00C04F79EFBC}") = "BZ.INZ.Infrastructure.WebApi", "BZ.INZ.Infrastructure.WebApi\BZ.INZ.Infrastructure.WebApi.csproj", "{4CBBCE1E-D517-4614-9FBD-9C1EF3B26762}"
EndProject
Project("{FAE04EC0-301F-11D3-BF4B-00C04F79EFBC}") = "BZ.INZ.Infrastructure.Storage", "BZ.INZ.Infrastructure.Storage\BZ.INZ.Infrastructure.Storage.csproj", "{7C6D2FD9-72DB-45D4-A56B-CF9310D9F50E}"
EndProject
Project("{FAE04EC0-301F-11D3-BF4B-00C04F79EFBC}") = "BZ.INZ.Integration.Core", "BZ.INZ.Integration.Core\BZ.INZ.Integration.Core.csproj", "{5487157E-EF1D-4321-B542-4D5CD194B7C2}"
EndProject
Project("{FAE04EC0-301F-11D3-BF4B-00C04F79EFBC}") = "BZ.INZ.Integration.DocuSign", "BZ.INZ.Integration.DocuSign\BZ.INZ.Integration.DocuSign.csproj", "{FF86DAE8-083A-4808-B98D-390CF56A6496}"
EndProject
Project("{2150E333-8FDC-42A3-9474-1A3956D46DE8}") = "Test", "Test", "{32A22C5C-2F77-4674-9453-FA6DF4DFF07D}"
EndProject
Project("{FAE04EC0-301F-11D3-BF4B-00C04F79EFBC}") = "BZ.INZ.Test.UnitTests", "BZ.INZ.Test.UnitTests\BZ.INZ.Test.UnitTests.csproj", "{629D3F95-3ED2-4A51-8519-339B8029048F}"
EndProject
Project("{2150E333-8FDC-42A3-9474-1A3956D46DE8}") = "UI", "UI", "{2D3F536C-E9A3-4564-8EE8-E9BC3487E347}"
EndProject
Project("{E24C65DC-7377-472B-9ABA-BC803B73C61A}") = "BZ.INZ.UI.Angular", "UI\BZ.INZ.UI.Angular\", "{EC457D0A-DD70-46D6-9EE6-84FF30B9E10B}"
	ProjectSection(WebsiteProperties) = preProject
		TargetFrameworkMoniker = ".NETFramework,Version%3Dv4.5.2"
		Debug.AspNetCompiler.VirtualPath = "/localhost_63342"
		Debug.AspNetCompiler.PhysicalPath = "UI\BZ.INZ.UI.Angular\"
		Debug.AspNetCompiler.TargetPath = "PrecompiledWeb\localhost_63342\"
		Debug.AspNetCompiler.Updateable = "true"
		Debug.AspNetCompiler.ForceOverwrite = "true"
		Debug.AspNetCompiler.FixedNames = "false"
		Debug.AspNetCompiler.Debug = "True"
		Release.AspNetCompiler.VirtualPath = "/localhost_63342"
		Release.AspNetCompiler.PhysicalPath = "UI\BZ.INZ.UI.Angular\"
		Release.AspNetCompiler.TargetPath = "PrecompiledWeb\localhost_63342\"
		Release.AspNetCompiler.Updateable = "true"
		Release.AspNetCompiler.ForceOverwrite = "true"
		Release.AspNetCompiler.FixedNames = "false"
		Release.AspNetCompiler.Debug = "False"
		VWDPort = "63342"
		SlnRelativePath = "UI\BZ.INZ.UI.Angular\"
		DefaultWebSiteLanguage = "Visual C#"
	EndProjectSection
EndProject
Project("{FAE04EC0-301F-11D3-BF4B-00C04F79EFBC}") = "BZ.INZ.Infrastructure.Logger", "BZ.INZ.Infrastructure.Logger\BZ.INZ.Infrastructure.Logger.csproj", "{D1B19EC7-9546-44B6-9EF4-E8066F6E4018}"
EndProject
Global
	GlobalSection(SolutionConfigurationPlatforms) = preSolution
		Debug|Any CPU = Debug|Any CPU
		Release|Any CPU = Release|Any CPU
	EndGlobalSection
	GlobalSection(ProjectConfigurationPlatforms) = postSolution
		{651757D6-ADCF-451A-9542-495DA11F0402}.Debug|Any CPU.ActiveCfg = Debug|Any CPU
		{651757D6-ADCF-451A-9542-495DA11F0402}.Debug|Any CPU.Build.0 = Debug|Any CPU
		{651757D6-ADCF-451A-9542-495DA11F0402}.Release|Any CPU.ActiveCfg = Release|Any CPU
		{651757D6-ADCF-451A-9542-495DA11F0402}.Release|Any CPU.Build.0 = Release|Any CPU
		{C7E408CF-A484-4947-82EF-DE2E523BD465}.Debug|Any CPU.ActiveCfg = Debug|Any CPU
		{C7E408CF-A484-4947-82EF-DE2E523BD465}.Debug|Any CPU.Build.0 = Debug|Any CPU
		{C7E408CF-A484-4947-82EF-DE2E523BD465}.Release|Any CPU.ActiveCfg = Release|Any CPU
		{C7E408CF-A484-4947-82EF-DE2E523BD465}.Release|Any CPU.Build.0 = Release|Any CPU
		{4CBBCE1E-D517-4614-9FBD-9C1EF3B26762}.Debug|Any CPU.ActiveCfg = Debug|Any CPU
		{4CBBCE1E-D517-4614-9FBD-9C1EF3B26762}.Debug|Any CPU.Build.0 = Debug|Any CPU
		{4CBBCE1E-D517-4614-9FBD-9C1EF3B26762}.Release|Any CPU.ActiveCfg = Release|Any CPU
		{4CBBCE1E-D517-4614-9FBD-9C1EF3B26762}.Release|Any CPU.Build.0 = Release|Any CPU
		{7C6D2FD9-72DB-45D4-A56B-CF9310D9F50E}.Debug|Any CPU.ActiveCfg = Debug|Any CPU
		{7C6D2FD9-72DB-45D4-A56B-CF9310D9F50E}.Debug|Any CPU.Build.0 = Debug|Any CPU
		{7C6D2FD9-72DB-45D4-A56B-CF9310D9F50E}.Release|Any CPU.ActiveCfg = Release|Any CPU
		{7C6D2FD9-72DB-45D4-A56B-CF9310D9F50E}.Release|Any CPU.Build.0 = Release|Any CPU
		{5487157E-EF1D-4321-B542-4D5CD194B7C2}.Debug|Any CPU.ActiveCfg = Debug|Any CPU
		{5487157E-EF1D-4321-B542-4D5CD194B7C2}.Debug|Any CPU.Build.0 = Debug|Any CPU
		{5487157E-EF1D-4321-B542-4D5CD194B7C2}.Release|Any CPU.ActiveCfg = Release|Any CPU
		{5487157E-EF1D-4321-B542-4D5CD194B7C2}.Release|Any CPU.Build.0 = Release|Any CPU
		{FF86DAE8-083A-4808-B98D-390CF56A6496}.Debug|Any CPU.ActiveCfg = Debug|Any CPU
		{FF86DAE8-083A-4808-B98D-390CF56A6496}.Debug|Any CPU.Build.0 = Debug|Any CPU
		{FF86DAE8-083A-4808-B98D-390CF56A6496}.Release|Any CPU.ActiveCfg = Release|Any CPU
		{FF86DAE8-083A-4808-B98D-390CF56A6496}.Release|Any CPU.Build.0 = Release|Any CPU
		{629D3F95-3ED2-4A51-8519-339B8029048F}.Debug|Any CPU.ActiveCfg = Debug|Any CPU
		{629D3F95-3ED2-4A51-8519-339B8029048F}.Debug|Any CPU.Build.0 = Debug|Any CPU
		{629D3F95-3ED2-4A51-8519-339B8029048F}.Release|Any CPU.ActiveCfg = Release|Any CPU
		{629D3F95-3ED2-4A51-8519-339B8029048F}.Release|Any CPU.Build.0 = Release|Any CPU
		{EC457D0A-DD70-46D6-9EE6-84FF30B9E10B}.Debug|Any CPU.ActiveCfg = Debug|Any CPU
		{EC457D0A-DD70-46D6-9EE6-84FF30B9E10B}.Debug|Any CPU.Build.0 = Debug|Any CPU
		{EC457D0A-DD70-46D6-9EE6-84FF30B9E10B}.Release|Any CPU.ActiveCfg = Debug|Any CPU
		{EC457D0A-DD70-46D6-9EE6-84FF30B9E10B}.Release|Any CPU.Build.0 = Debug|Any CPU
		{D1B19EC7-9546-44B6-9EF4-E8066F6E4018}.Debug|Any CPU.ActiveCfg = Debug|Any CPU
		{D1B19EC7-9546-44B6-9EF4-E8066F6E4018}.Debug|Any CPU.Build.0 = Debug|Any CPU
		{D1B19EC7-9546-44B6-9EF4-E8066F6E4018}.Release|Any CPU.ActiveCfg = Release|Any CPU
		{D1B19EC7-9546-44B6-9EF4-E8066F6E4018}.Release|Any CPU.Build.0 = Release|Any CPU
	EndGlobalSection
	GlobalSection(SolutionProperties) = preSolution
		HideSolutionNode = FALSE
	EndGlobalSection
	GlobalSection(NestedProjects) = preSolution
		{651757D6-ADCF-451A-9542-495DA11F0402} = {31DC8C10-B240-4082-9F10-18A7E384CBDE}
		{C7E408CF-A484-4947-82EF-DE2E523BD465} = {5F43DF37-EB2A-45CB-9F86-13977C03218C}
		{4CBBCE1E-D517-4614-9FBD-9C1EF3B26762} = {B326C760-6707-46A8-9851-15EB55D92F38}
		{7C6D2FD9-72DB-45D4-A56B-CF9310D9F50E} = {B326C760-6707-46A8-9851-15EB55D92F38}
		{5487157E-EF1D-4321-B542-4D5CD194B7C2} = {E7A85EA8-1BEB-45CD-B197-11C2E9A4DAE2}
		{FF86DAE8-083A-4808-B98D-390CF56A6496} = {E7A85EA8-1BEB-45CD-B197-11C2E9A4DAE2}
		{629D3F95-3ED2-4A51-8519-339B8029048F} = {32A22C5C-2F77-4674-9453-FA6DF4DFF07D}
		{EC457D0A-DD70-46D6-9EE6-84FF30B9E10B} = {2D3F536C-E9A3-4564-8EE8-E9BC3487E347}
		{D1B19EC7-9546-44B6-9EF4-E8066F6E4018} = {B326C760-6707-46A8-9851-15EB55D92F38}
	EndGlobalSection
EndGlobal
